
Microsoft Visual Studio Solution File, Format Version 12.00
# Visual Studio Version 17
VisualStudioVersion = 17.3.32811.315
MinimumVisualStudioVersion = 10.0.40219.1
Project("{FAE04EC0-301F-11D3-BF4B-00C04F79EFBC}") = "while", "while\while.csproj", "{D37DCBD6-31B2-4663-B29C-6AE3B12A095D}"
EndProject
Global
	GlobalSection(SolutionConfigurationPlatforms) = preSolution
		Debug|Any CPU = Debug|Any CPU
		Release|Any CPU = Release|Any CPU
	EndGlobalSection
	GlobalSection(ProjectConfigurationPlatforms) = postSolution
		{D37DCBD6-31B2-4663-B29C-6AE3B12A095D}.Debug|Any CPU.ActiveCfg = Debug|Any CPU
		{D37DCBD6-31B2-4663-B29C-6AE3B12A095D}.Debug|Any CPU.Build.0 = Debug|Any CPU
		{D37DCBD6-31B2-4663-B29C-6AE3B12A095D}.Release|Any CPU.ActiveCfg = Release|Any CPU
		{D37DCBD6-31B2-4663-B29C-6AE3B12A095D}.Release|Any CPU.Build.0 = Release|Any CPU
	EndGlobalSection
	GlobalSection(SolutionProperties) = preSolution
		HideSolutionNode = FALSE
	EndGlobalSection
	GlobalSection(ExtensibilityGlobals) = postSolution
		SolutionGuid = {880156F0-C764-42E1-B416-34A3F95AB1B8}
	EndGlobalSection
EndGlobal
